
Microsoft Visual Studio Solution File, Format Version 12.00
# Visual Studio Version 16
VisualStudioVersion = 16.0.31205.134
MinimumVisualStudioVersion = 10.0.40219.1
Project("{FAE04EC0-301F-11D3-BF4B-00C04F79EFBC}") = "UnitTestProject1", "UnitTestProject1.csproj", "{E6E763E1-1D6F-4CE6-A75F-EA2736A2581F}"
EndProject
Global
	GlobalSection(SolutionConfigurationPlatforms) = preSolution
		Debug|Any CPU = Debug|Any CPU
		Release|Any CPU = Release|Any CPU
	EndGlobalSection
	GlobalSection(ProjectConfigurationPlatforms) = postSolution
		{E6E763E1-1D6F-4CE6-A75F-EA2736A2581F}.Debug|Any CPU.ActiveCfg = Debug|Any CPU
		{E6E763E1-1D6F-4CE6-A75F-EA2736A2581F}.Debug|Any CPU.Build.0 = Debug|Any CPU
		{E6E763E1-1D6F-4CE6-A75F-EA2736A2581F}.Release|Any CPU.ActiveCfg = Release|Any CPU
		{E6E763E1-1D6F-4CE6-A75F-EA2736A2581F}.Release|Any CPU.Build.0 = Release|Any CPU
	EndGlobalSection
	GlobalSection(SolutionProperties) = preSolution
		HideSolutionNode = FALSE
	EndGlobalSection
	GlobalSection(ExtensibilityGlobals) = postSolution
		SolutionGuid = {6695BED8-40CB-4BEB-A581-1EDDDEA9F751}
	EndGlobalSection
EndGlobal
